
Microsoft Visual Studio Solution File, Format Version 12.00
# Visual Studio Version 16
VisualStudioVersion = 16.0.33214.272
MinimumVisualStudioVersion = 10.0.40219.1
Project("{FAE04EC0-301F-11D3-BF4B-00C04F79EFBC}") = "samserver", "samserver.csproj", "{B459E2AC-832E-4F51-88BD-B7F169CBD251}"
EndProject
Global
	GlobalSection(SolutionConfigurationPlatforms) = preSolution
		Debug|Any CPU = Debug|Any CPU
		Release|Any CPU = Release|Any CPU
	EndGlobalSection
	GlobalSection(ProjectConfigurationPlatforms) = postSolution
		{B459E2AC-832E-4F51-88BD-B7F169CBD251}.Debug|Any CPU.ActiveCfg = Debug|Any CPU
		{B459E2AC-832E-4F51-88BD-B7F169CBD251}.Debug|Any CPU.Build.0 = Debug|Any CPU
		{B459E2AC-832E-4F51-88BD-B7F169CBD251}.Release|Any CPU.ActiveCfg = Release|Any CPU
		{B459E2AC-832E-4F51-88BD-B7F169CBD251}.Release|Any CPU.Build.0 = Release|Any CPU
	EndGlobalSection
	GlobalSection(SolutionProperties) = preSolution
		HideSolutionNode = FALSE
	EndGlobalSection
	GlobalSection(ExtensibilityGlobals) = postSolution
		SolutionGuid = {4F0015BC-D0DC-4A04-B795-0D1BF51EB2E0}
	EndGlobalSection
EndGlobal
